# generated by rye
# use `rye lock` or `rye sync` to update this lockfile
#
# last locked with the following flags:
#   pre: false
#   features: []
#   all-features: false
#   with-sources: false
#   generate-hashes: false
#   universal: false

-e file:.
absl-py==2.1.0
    # via mediapipe
attrs==24.2.0
    # via mediapipe
cffi==1.17.0
    # via sounddevice
coloredlogs==15.0.1
    # via onnxruntime
contourpy==1.2.1
    # via matplotlib
cycler==0.12.1
    # via matplotlib
flatbuffers==24.3.25
    # via mediapipe
    # via onnxruntime
fonttools==4.53.1
    # via matplotlib
humanfriendly==10.0
    # via coloredlogs
jax==0.4.31
    # via mediapipe
jaxlib==0.4.31
    # via jax
    # via mediapipe
kiwisolver==1.4.5
    # via matplotlib
matplotlib==3.9.2
    # via mediapipe
mediapipe==0.10.14
    # via mediapipe-sface-sample
ml-dtypes==0.4.0
    # via jax
    # via jaxlib
mpmath==1.3.0
    # via sympy
numpy==2.1.0
    # via contourpy
    # via jax
    # via jaxlib
    # via matplotlib
    # via mediapipe
    # via ml-dtypes
    # via onnxruntime
    # via opencv-contrib-python
    # via opencv-python
    # via opt-einsum
    # via scipy
onnxruntime==1.19.0
    # via mediapipe-sface-sample
opencv-contrib-python==4.10.0.84
    # via mediapipe
opencv-python==4.10.0.84
    # via mediapipe-sface-sample
opt-einsum==3.3.0
    # via jax
packaging==24.1
    # via matplotlib
    # via onnxruntime
pillow==10.4.0
    # via matplotlib
protobuf==4.25.4
    # via mediapipe
    # via onnxruntime
pycparser==2.22
    # via cffi
pyparsing==3.1.2
    # via matplotlib
python-dateutil==2.9.0.post0
    # via matplotlib
scipy==1.14.0
    # via jax
    # via jaxlib
six==1.16.0
    # via python-dateutil
sounddevice==0.5.0
    # via mediapipe
sympy==1.13.2
    # via onnxruntime
